
Microsoft Visual Studio Solution File, Format Version 12.00
# Visual Studio Version 17
VisualStudioVersion = 17.0.31611.283
MinimumVisualStudioVersion = 10.0.40219.1
Project("{9A19103F-16F7-4668-BE54-9A1E7A4F7556}") = "153502_Kirzner.UI", "153502_Kirzner.UI\153502_Kirzner.UI.csproj", "{E41CC94E-38B0-489B-AA7A-47F1662EAFF6}"
EndProject
Project("{FAE04EC0-301F-11D3-BF4B-00C04F79EFBC}") = "153502_Kirzner.Domain", "153502_Kirzner.Domain\153502_Kirzner.Domain.csproj", "{388DEF64-115B-41D2-AAE9-734870A216D6}"
EndProject
Project("{FAE04EC0-301F-11D3-BF4B-00C04F79EFBC}") = "153502_Kirzner.Application", "153502_Kirzner.Application\153502_Kirzner.Application.csproj", "{F621F454-3BF3-4C35-806C-F49763793884}"
EndProject
Project("{FAE04EC0-301F-11D3-BF4B-00C04F79EFBC}") = "153502_Kirzner.Persistence", "153502_Kirzner.Persistence\153502_Kirzner.Persistence.csproj", "{8D954DDD-ED93-4577-9781-73967A86BEB6}"
EndProject
Global
	GlobalSection(SolutionConfigurationPlatforms) = preSolution
		Debug|Any CPU = Debug|Any CPU
		Release|Any CPU = Release|Any CPU
	EndGlobalSection
	GlobalSection(ProjectConfigurationPlatforms) = postSolution
		{E41CC94E-38B0-489B-AA7A-47F1662EAFF6}.Debug|Any CPU.ActiveCfg = Debug|Any CPU
		{E41CC94E-38B0-489B-AA7A-47F1662EAFF6}.Debug|Any CPU.Build.0 = Debug|Any CPU
		{E41CC94E-38B0-489B-AA7A-47F1662EAFF6}.Debug|Any CPU.Deploy.0 = Debug|Any CPU
		{E41CC94E-38B0-489B-AA7A-47F1662EAFF6}.Release|Any CPU.ActiveCfg = Release|Any CPU
		{E41CC94E-38B0-489B-AA7A-47F1662EAFF6}.Release|Any CPU.Build.0 = Release|Any CPU
		{E41CC94E-38B0-489B-AA7A-47F1662EAFF6}.Release|Any CPU.Deploy.0 = Release|Any CPU
		{388DEF64-115B-41D2-AAE9-734870A216D6}.Debug|Any CPU.ActiveCfg = Debug|Any CPU
		{388DEF64-115B-41D2-AAE9-734870A216D6}.Debug|Any CPU.Build.0 = Debug|Any CPU
		{388DEF64-115B-41D2-AAE9-734870A216D6}.Release|Any CPU.ActiveCfg = Release|Any CPU
		{388DEF64-115B-41D2-AAE9-734870A216D6}.Release|Any CPU.Build.0 = Release|Any CPU
		{F621F454-3BF3-4C35-806C-F49763793884}.Debug|Any CPU.ActiveCfg = Debug|Any CPU
		{F621F454-3BF3-4C35-806C-F49763793884}.Debug|Any CPU.Build.0 = Debug|Any CPU
		{F621F454-3BF3-4C35-806C-F49763793884}.Release|Any CPU.ActiveCfg = Release|Any CPU
		{F621F454-3BF3-4C35-806C-F49763793884}.Release|Any CPU.Build.0 = Release|Any CPU
		{8D954DDD-ED93-4577-9781-73967A86BEB6}.Debug|Any CPU.ActiveCfg = Debug|Any CPU
		{8D954DDD-ED93-4577-9781-73967A86BEB6}.Debug|Any CPU.Build.0 = Debug|Any CPU
		{8D954DDD-ED93-4577-9781-73967A86BEB6}.Release|Any CPU.ActiveCfg = Release|Any CPU
		{8D954DDD-ED93-4577-9781-73967A86BEB6}.Release|Any CPU.Build.0 = Release|Any CPU
	EndGlobalSection
	GlobalSection(SolutionProperties) = preSolution
		HideSolutionNode = FALSE
	EndGlobalSection
	GlobalSection(ExtensibilityGlobals) = postSolution
		SolutionGuid = {61F7FB11-1E47-470C-91E2-47F8143E1572}
	EndGlobalSection
EndGlobal
